
Microsoft Visual Studio Solution File, Format Version 12.00
# Visual Studio 15
Project("{FAE04EC0-301F-11D3-BF4B-00C04F79EFBC}") = "Unity.Timeline", "Unity.Timeline.csproj", "{26ABB0BD-581D-8228-0F26-235B624EB968}"
EndProject
Project("{FAE04EC0-301F-11D3-BF4B-00C04F79EFBC}") = "Unity.Timeline.Editor", "Unity.Timeline.Editor.csproj", "{A7F309A9-8C36-DB3C-1422-64C170311797}"
EndProject
Project("{FAE04EC0-301F-11D3-BF4B-00C04F79EFBC}") = "Unity.PlasticSCM.Editor", "Unity.PlasticSCM.Editor.csproj", "{7925EE67-AEED-D770-DB73-CEC0F0027B21}"
EndProject
Project("{FAE04EC0-301F-11D3-BF4B-00C04F79EFBC}") = "Unity.TextMeshPro.Editor", "Unity.TextMeshPro.Editor.csproj", "{C99EA461-8DC3-A2B7-95CE-27D314F36441}"
EndProject
Project("{FAE04EC0-301F-11D3-BF4B-00C04F79EFBC}") = "Unity.2D.Aseprite.Editor", "Unity.2D.Aseprite.Editor.csproj", "{74B6B33E-BD63-5A00-5358-46D7688C8687}"
EndProject
Project("{FAE04EC0-301F-11D3-BF4B-00C04F79EFBC}") = "Unity.VisualScripting.Flow", "Unity.VisualScripting.Flow.csproj", "{FF1D8549-57CD-F101-7EA1-B67B0C6A62E6}"
EndProject
Project("{FAE04EC0-301F-11D3-BF4B-00C04F79EFBC}") = "Unity.2D.Psdimporter.Editor", "Unity.2D.Psdimporter.Editor.csproj", "{C3444A42-9AFE-1EDA-D566-15F53267DEE1}"
EndProject
Project("{FAE04EC0-301F-11D3-BF4B-00C04F79EFBC}") = "Unity.VisualScripting.Core", "Unity.VisualScripting.Core.csproj", "{C15C99C9-FBA1-B879-7DDD-85735022AC59}"
EndProject
Project("{FAE04EC0-301F-11D3-BF4B-00C04F79EFBC}") = "Unity.Mathematics", "Unity.Mathematics.csproj", "{D4FA47AE-46A0-A227-FA71-6659003637C4}"
EndProject
Project("{FAE04EC0-301F-11D3-BF4B-00C04F79EFBC}") = "Unity.2D.Common.Path.Editor", "Unity.2D.Common.Path.Editor.csproj", "{12E858DD-CA4C-DBBD-8340-69D30ACDF948}"
EndProject
Project("{FAE04EC0-301F-11D3-BF4B-00C04F79EFBC}") = "Unity.VisualScripting.Core.Editor", "Unity.VisualScripting.Core.Editor.csproj", "{5463CEF8-2806-2DD1-B097-57D6C6D1E2D9}"
EndProject
Project("{FAE04EC0-301F-11D3-BF4B-00C04F79EFBC}") = "Unity.2D.IK.Runtime", "Unity.2D.IK.Runtime.csproj", "{63BA53BF-B43D-F594-0973-58994E6EB38B}"
EndProject
Project("{FAE04EC0-301F-11D3-BF4B-00C04F79EFBC}") = "Unity.2D.Animation.Editor", "Unity.2D.Animation.Editor.csproj", "{E73F4786-E202-7D8A-FB4E-3FFA23CE5BD0}"
EndProject
Project("{FAE04EC0-301F-11D3-BF4B-00C04F79EFBC}") = "Unity.VisualScripting.Flow.Editor", "Unity.VisualScripting.Flow.Editor.csproj", "{147574A7-6B16-C3EF-1F48-EC9E222A823E}"
EndProject
Project("{FAE04EC0-301F-11D3-BF4B-00C04F79EFBC}") = "UnityEditor.TestRunner", "UnityEditor.TestRunner.csproj", "{A433029C-FE67-EA8B-E9DA-6155B405C401}"
EndProject
Project("{FAE04EC0-301F-11D3-BF4B-00C04F79EFBC}") = "Assembly-CSharp", "Assembly-CSharp.csproj", "{CEACD465-660A-7699-8EB5-485D7FF09EA3}"
EndProject
Project("{FAE04EC0-301F-11D3-BF4B-00C04F79EFBC}") = "Unity.VisualScripting.SettingsProvider.Editor", "Unity.VisualScripting.SettingsProvider.Editor.csproj", "{AD927445-57F3-9689-BA10-970DD4B509EB}"
EndProject
Project("{FAE04EC0-301F-11D3-BF4B-00C04F79EFBC}") = "UnityEngine.TestRunner", "UnityEngine.TestRunner.csproj", "{E859C5EC-6566-5EF4-7E45-462E4934E530}"
EndProject
Project("{FAE04EC0-301F-11D3-BF4B-00C04F79EFBC}") = "PsdPlugin", "PsdPlugin.csproj", "{0E5F2FF0-3004-F801-E7B4-4379A2DC3B0C}"
EndProject
Project("{FAE04EC0-301F-11D3-BF4B-00C04F79EFBC}") = "Unity.Burst", "Unity.Burst.csproj", "{E73B630B-7389-82ED-8121-15BF2B5BE2C4}"
EndProject
Project("{FAE04EC0-301F-11D3-BF4B-00C04F79EFBC}") = "Unity.2D.SpriteShape.Editor", "Unity.2D.SpriteShape.Editor.csproj", "{F0FCFF6D-24E1-990C-B38F-F8A8C4C7A7D0}"
EndProject
Project("{FAE04EC0-301F-11D3-BF4B-00C04F79EFBC}") = "Unity.Collections", "Unity.Collections.csproj", "{D67F12C7-C370-8E59-39EA-2E9B37A428FA}"
EndProject
Project("{FAE04EC0-301F-11D3-BF4B-00C04F79EFBC}") = "Unity.VisualStudio.Editor", "Unity.VisualStudio.Editor.csproj", "{2364AA78-1E75-B93A-B4DF-22B5590FF3A7}"
EndProject
Project("{FAE04EC0-301F-11D3-BF4B-00C04F79EFBC}") = "Unity.2D.Tilemap.Extras.Editor", "Unity.2D.Tilemap.Extras.Editor.csproj", "{AEC8E8C8-8356-1AE2-C31B-71FEF4E71C2F}"
EndProject
Project("{FAE04EC0-301F-11D3-BF4B-00C04F79EFBC}") = "Unity.Rider.Editor", "Unity.Rider.Editor.csproj", "{29088CE5-3E64-28E2-4252-8907BF46D552}"
EndProject
Project("{FAE04EC0-301F-11D3-BF4B-00C04F79EFBC}") = "Unity.InternalAPIEditorBridge.001", "Unity.InternalAPIEditorBridge.001.csproj", "{371D40B5-6353-8B3E-3AF0-57508CA74413}"
EndProject
Project("{FAE04EC0-301F-11D3-BF4B-00C04F79EFBC}") = "Unity.2D.SpriteShape.Runtime", "Unity.2D.SpriteShape.Runtime.csproj", "{25567191-4C9B-C7DC-3357-45C3D1B66E59}"
EndProject
Project("{FAE04EC0-301F-11D3-BF4B-00C04F79EFBC}") = "Unity.VisualScripting.State.Editor", "Unity.VisualScripting.State.Editor.csproj", "{F932741E-F2ED-9489-72DA-93C150F6B8CB}"
EndProject
Project("{FAE04EC0-301F-11D3-BF4B-00C04F79EFBC}") = "Unity.2D.Animation.Runtime", "Unity.2D.Animation.Runtime.csproj", "{19CDA8E9-AD7D-9375-DF5D-1BCD61EC6A14}"
EndProject
Project("{FAE04EC0-301F-11D3-BF4B-00C04F79EFBC}") = "Unity.Burst.CodeGen", "Unity.Burst.CodeGen.csproj", "{1E0C18A6-ED0A-4E2B-D6FD-FDE86EEFF972}"
EndProject
Project("{FAE04EC0-301F-11D3-BF4B-00C04F79EFBC}") = "Unity.CollabProxy.Editor", "Unity.CollabProxy.Editor.csproj", "{FED1B379-0605-3FF2-D1BE-2C9EC8748EC6}"
EndProject
Project("{FAE04EC0-301F-11D3-BF4B-00C04F79EFBC}") = "Unity.2D.Tilemap.Extras", "Unity.2D.Tilemap.Extras.csproj", "{C35C3BF2-CBF1-F813-032E-1BBCDB1F6670}"
EndProject
Project("{FAE04EC0-301F-11D3-BF4B-00C04F79EFBC}") = "Unity.VisualScripting.State", "Unity.VisualScripting.State.csproj", "{D5B7A937-D2F4-CD31-E3C8-F0B81EAB3BF9}"
EndProject
Project("{FAE04EC0-301F-11D3-BF4B-00C04F79EFBC}") = "Unity.TextMeshPro", "Unity.TextMeshPro.csproj", "{D8BFAA34-3D73-313A-2E78-A05CE1451239}"
EndProject
Project("{FAE04EC0-301F-11D3-BF4B-00C04F79EFBC}") = "Unity.2D.Aseprite.Common", "Unity.2D.Aseprite.Common.csproj", "{F087A165-3DC9-6AFD-B141-9C4A67506168}"
EndProject
Project("{FAE04EC0-301F-11D3-BF4B-00C04F79EFBC}") = "Unity.2D.IK.Editor", "Unity.2D.IK.Editor.csproj", "{4FF336E0-2FBB-C135-238D-08E8FA5EDECB}"
EndProject
Project("{FAE04EC0-301F-11D3-BF4B-00C04F79EFBC}") = "Unity.InternalAPIEngineBridge.001", "Unity.InternalAPIEngineBridge.001.csproj", "{987A819E-46C8-6C13-82F4-F0DB893B630D}"
EndProject
Project("{FAE04EC0-301F-11D3-BF4B-00C04F79EFBC}") = "Unity.Burst.Editor", "Unity.Burst.Editor.csproj", "{88F1BDA5-9B06-AD91-6736-CF66F5B4CB06}"
EndProject
Project("{FAE04EC0-301F-11D3-BF4B-00C04F79EFBC}") = "Unity.2D.Common.Editor", "Unity.2D.Common.Editor.csproj", "{C9CE32B5-C1B5-44A1-D09A-E6A8DF325D01}"
EndProject
Project("{FAE04EC0-301F-11D3-BF4B-00C04F79EFBC}") = "Unity.2D.PixelPerfect", "Unity.2D.PixelPerfect.csproj", "{3FA9C5B9-1BED-A690-A2A2-70DC59A7E1F8}"
EndProject
Project("{FAE04EC0-301F-11D3-BF4B-00C04F79EFBC}") = "Unity.2D.PixelPerfect.Editor", "Unity.2D.PixelPerfect.Editor.csproj", "{DEB2DEC3-3D38-42D9-DC50-E2FDFB483A38}"
EndProject
Project("{FAE04EC0-301F-11D3-BF4B-00C04F79EFBC}") = "Unity.2D.Common.Runtime", "Unity.2D.Common.Runtime.csproj", "{9203B23D-52FF-DFF8-4F13-9501DFFE657F}"
EndProject
Project("{FAE04EC0-301F-11D3-BF4B-00C04F79EFBC}") = "Unity.Mathematics.Editor", "Unity.Mathematics.Editor.csproj", "{2979B106-DBE2-F852-7317-D7FCC03A4EFD}"
EndProject
Project("{FAE04EC0-301F-11D3-BF4B-00C04F79EFBC}") = "Unity.Collections.BurstCompatibilityGen", "Unity.Collections.BurstCompatibilityGen.csproj", "{B78E37ED-CABB-B6C6-C48A-56B154864A51}"
EndProject
Project("{FAE04EC0-301F-11D3-BF4B-00C04F79EFBC}") = "Unity.VisualScripting.Shared.Editor", "Unity.VisualScripting.Shared.Editor.csproj", "{852DD6AA-82CF-D37B-8D50-E1D0E1B24307}"
EndProject
Project("{FAE04EC0-301F-11D3-BF4B-00C04F79EFBC}") = "Unity.Collections.DocCodeSamples", "Unity.Collections.DocCodeSamples.csproj", "{84242CB0-4722-3404-C3A6-9B94DA15D93F}"
EndProject
Project("{FAE04EC0-301F-11D3-BF4B-00C04F79EFBC}") = "Unity.PlasticSCM.Editor.Entities", "Unity.PlasticSCM.Editor.Entities.csproj", "{D5628152-EBA1-CB7A-76C8-F2549051111B}"
EndProject
Global
	GlobalSection(SolutionConfigurationPlatforms) = preSolution
		Debug|Any CPU = Debug|Any CPU
		Release|Any CPU = Release|Any CPU
	EndGlobalSection
	GlobalSection(ProjectConfigurationPlatforms) = postSolution
		{26ABB0BD-581D-8228-0F26-235B624EB968}.Debug|Any CPU.ActiveCfg = Debug|Any CPU
		{26ABB0BD-581D-8228-0F26-235B624EB968}.Debug|Any CPU.Build.0 = Debug|Any CPU
		{26ABB0BD-581D-8228-0F26-235B624EB968}.Release|Any CPU.ActiveCfg = Release|Any CPU
		{26ABB0BD-581D-8228-0F26-235B624EB968}.Release|Any CPU.Build.0 = Release|Any CPU
		{A7F309A9-8C36-DB3C-1422-64C170311797}.Debug|Any CPU.ActiveCfg = Debug|Any CPU
		{A7F309A9-8C36-DB3C-1422-64C170311797}.Debug|Any CPU.Build.0 = Debug|Any CPU
		{A7F309A9-8C36-DB3C-1422-64C170311797}.Release|Any CPU.ActiveCfg = Release|Any CPU
		{A7F309A9-8C36-DB3C-1422-64C170311797}.Release|Any CPU.Build.0 = Release|Any CPU
		{7925EE67-AEED-D770-DB73-CEC0F0027B21}.Debug|Any CPU.ActiveCfg = Debug|Any CPU
		{7925EE67-AEED-D770-DB73-CEC0F0027B21}.Debug|Any CPU.Build.0 = Debug|Any CPU
		{7925EE67-AEED-D770-DB73-CEC0F0027B21}.Release|Any CPU.ActiveCfg = Release|Any CPU
		{7925EE67-AEED-D770-DB73-CEC0F0027B21}.Release|Any CPU.Build.0 = Release|Any CPU
		{C99EA461-8DC3-A2B7-95CE-27D314F36441}.Debug|Any CPU.ActiveCfg = Debug|Any CPU
		{C99EA461-8DC3-A2B7-95CE-27D314F36441}.Debug|Any CPU.Build.0 = Debug|Any CPU
		{C99EA461-8DC3-A2B7-95CE-27D314F36441}.Release|Any CPU.ActiveCfg = Release|Any CPU
		{C99EA461-8DC3-A2B7-95CE-27D314F36441}.Release|Any CPU.Build.0 = Release|Any CPU
		{74B6B33E-BD63-5A00-5358-46D7688C8687}.Debug|Any CPU.ActiveCfg = Debug|Any CPU
		{74B6B33E-BD63-5A00-5358-46D7688C8687}.Debug|Any CPU.Build.0 = Debug|Any CPU
		{74B6B33E-BD63-5A00-5358-46D7688C8687}.Release|Any CPU.ActiveCfg = Release|Any CPU
		{74B6B33E-BD63-5A00-5358-46D7688C8687}.Release|Any CPU.Build.0 = Release|Any CPU
		{FF1D8549-57CD-F101-7EA1-B67B0C6A62E6}.Debug|Any CPU.ActiveCfg = Debug|Any CPU
		{FF1D8549-57CD-F101-7EA1-B67B0C6A62E6}.Debug|Any CPU.Build.0 = Debug|Any CPU
		{FF1D8549-57CD-F101-7EA1-B67B0C6A62E6}.Release|Any CPU.ActiveCfg = Release|Any CPU
		{FF1D8549-57CD-F101-7EA1-B67B0C6A62E6}.Release|Any CPU.Build.0 = Release|Any CPU
		{C3444A42-9AFE-1EDA-D566-15F53267DEE1}.Debug|Any CPU.ActiveCfg = Debug|Any CPU
		{C3444A42-9AFE-1EDA-D566-15F53267DEE1}.Debug|Any CPU.Build.0 = Debug|Any CPU
		{C3444A42-9AFE-1EDA-D566-15F53267DEE1}.Release|Any CPU.ActiveCfg = Release|Any CPU
		{C3444A42-9AFE-1EDA-D566-15F53267DEE1}.Release|Any CPU.Build.0 = Release|Any CPU
		{C15C99C9-FBA1-B879-7DDD-85735022AC59}.Debug|Any CPU.ActiveCfg = Debug|Any CPU
		{C15C99C9-FBA1-B879-7DDD-85735022AC59}.Debug|Any CPU.Build.0 = Debug|Any CPU
		{C15C99C9-FBA1-B879-7DDD-85735022AC59}.Release|Any CPU.ActiveCfg = Release|Any CPU
		{C15C99C9-FBA1-B879-7DDD-85735022AC59}.Release|Any CPU.Build.0 = Release|Any CPU
		{D4FA47AE-46A0-A227-FA71-6659003637C4}.Debug|Any CPU.ActiveCfg = Debug|Any CPU
		{D4FA47AE-46A0-A227-FA71-6659003637C4}.Debug|Any CPU.Build.0 = Debug|Any CPU
		{D4FA47AE-46A0-A227-FA71-6659003637C4}.Release|Any CPU.ActiveCfg = Release|Any CPU
		{D4FA47AE-46A0-A227-FA71-6659003637C4}.Release|Any CPU.Build.0 = Release|Any CPU
		{12E858DD-CA4C-DBBD-8340-69D30ACDF948}.Debug|Any CPU.ActiveCfg = Debug|Any CPU
		{12E858DD-CA4C-DBBD-8340-69D30ACDF948}.Debug|Any CPU.Build.0 = Debug|Any CPU
		{12E858DD-CA4C-DBBD-8340-69D30ACDF948}.Release|Any CPU.ActiveCfg = Release|Any CPU
		{12E858DD-CA4C-DBBD-8340-69D30ACDF948}.Release|Any CPU.Build.0 = Release|Any CPU
		{5463CEF8-2806-2DD1-B097-57D6C6D1E2D9}.Debug|Any CPU.ActiveCfg = Debug|Any CPU
		{5463CEF8-2806-2DD1-B097-57D6C6D1E2D9}.Debug|Any CPU.Build.0 = Debug|Any CPU
		{5463CEF8-2806-2DD1-B097-57D6C6D1E2D9}.Release|Any CPU.ActiveCfg = Release|Any CPU
		{5463CEF8-2806-2DD1-B097-57D6C6D1E2D9}.Release|Any CPU.Build.0 = Release|Any CPU
		{63BA53BF-B43D-F594-0973-58994E6EB38B}.Debug|Any CPU.ActiveCfg = Debug|Any CPU
		{63BA53BF-B43D-F594-0973-58994E6EB38B}.Debug|Any CPU.Build.0 = Debug|Any CPU
		{63BA53BF-B43D-F594-0973-58994E6EB38B}.Release|Any CPU.ActiveCfg = Release|Any CPU
		{63BA53BF-B43D-F594-0973-58994E6EB38B}.Release|Any CPU.Build.0 = Release|Any CPU
		{E73F4786-E202-7D8A-FB4E-3FFA23CE5BD0}.Debug|Any CPU.ActiveCfg = Debug|Any CPU
		{E73F4786-E202-7D8A-FB4E-3FFA23CE5BD0}.Debug|Any CPU.Build.0 = Debug|Any CPU
		{E73F4786-E202-7D8A-FB4E-3FFA23CE5BD0}.Release|Any CPU.ActiveCfg = Release|Any CPU
		{E73F4786-E202-7D8A-FB4E-3FFA23CE5BD0}.Release|Any CPU.Build.0 = Release|Any CPU
		{147574A7-6B16-C3EF-1F48-EC9E222A823E}.Debug|Any CPU.ActiveCfg = Debug|Any CPU
		{147574A7-6B16-C3EF-1F48-EC9E222A823E}.Debug|Any CPU.Build.0 = Debug|Any CPU
		{147574A7-6B16-C3EF-1F48-EC9E222A823E}.Release|Any CPU.ActiveCfg = Release|Any CPU
		{147574A7-6B16-C3EF-1F48-EC9E222A823E}.Release|Any CPU.Build.0 = Release|Any CPU
		{A433029C-FE67-EA8B-E9DA-6155B405C401}.Debug|Any CPU.ActiveCfg = Debug|Any CPU
		{A433029C-FE67-EA8B-E9DA-6155B405C401}.Debug|Any CPU.Build.0 = Debug|Any CPU
		{A433029C-FE67-EA8B-E9DA-6155B405C401}.Release|Any CPU.ActiveCfg = Release|Any CPU
		{A433029C-FE67-EA8B-E9DA-6155B405C401}.Release|Any CPU.Build.0 = Release|Any CPU
		{CEACD465-660A-7699-8EB5-485D7FF09EA3}.Debug|Any CPU.ActiveCfg = Debug|Any CPU
		{CEACD465-660A-7699-8EB5-485D7FF09EA3}.Debug|Any CPU.Build.0 = Debug|Any CPU
		{CEACD465-660A-7699-8EB5-485D7FF09EA3}.Release|Any CPU.ActiveCfg = Release|Any CPU
		{CEACD465-660A-7699-8EB5-485D7FF09EA3}.Release|Any CPU.Build.0 = Release|Any CPU
		{AD927445-57F3-9689-BA10-970DD4B509EB}.Debug|Any CPU.ActiveCfg = Debug|Any CPU
		{AD927445-57F3-9689-BA10-970DD4B509EB}.Debug|Any CPU.Build.0 = Debug|Any CPU
		{AD927445-57F3-9689-BA10-970DD4B509EB}.Release|Any CPU.ActiveCfg = Release|Any CPU
		{AD927445-57F3-9689-BA10-970DD4B509EB}.Release|Any CPU.Build.0 = Release|Any CPU
		{E859C5EC-6566-5EF4-7E45-462E4934E530}.Debug|Any CPU.ActiveCfg = Debug|Any CPU
		{E859C5EC-6566-5EF4-7E45-462E4934E530}.Debug|Any CPU.Build.0 = Debug|Any CPU
		{E859C5EC-6566-5EF4-7E45-462E4934E530}.Release|Any CPU.ActiveCfg = Release|Any CPU
		{E859C5EC-6566-5EF4-7E45-462E4934E530}.Release|Any CPU.Build.0 = Release|Any CPU
		{0E5F2FF0-3004-F801-E7B4-4379A2DC3B0C}.Debug|Any CPU.ActiveCfg = Debug|Any CPU
		{0E5F2FF0-3004-F801-E7B4-4379A2DC3B0C}.Debug|Any CPU.Build.0 = Debug|Any CPU
		{0E5F2FF0-3004-F801-E7B4-4379A2DC3B0C}.Release|Any CPU.ActiveCfg = Release|Any CPU
		{0E5F2FF0-3004-F801-E7B4-4379A2DC3B0C}.Release|Any CPU.Build.0 = Release|Any CPU
		{E73B630B-7389-82ED-8121-15BF2B5BE2C4}.Debug|Any CPU.ActiveCfg = Debug|Any CPU
		{E73B630B-7389-82ED-8121-15BF2B5BE2C4}.Debug|Any CPU.Build.0 = Debug|Any CPU
		{E73B630B-7389-82ED-8121-15BF2B5BE2C4}.Release|Any CPU.ActiveCfg = Release|Any CPU
		{E73B630B-7389-82ED-8121-15BF2B5BE2C4}.Release|Any CPU.Build.0 = Release|Any CPU
		{F0FCFF6D-24E1-990C-B38F-F8A8C4C7A7D0}.Debug|Any CPU.ActiveCfg = Debug|Any CPU
		{F0FCFF6D-24E1-990C-B38F-F8A8C4C7A7D0}.Debug|Any CPU.Build.0 = Debug|Any CPU
		{F0FCFF6D-24E1-990C-B38F-F8A8C4C7A7D0}.Release|Any CPU.ActiveCfg = Release|Any CPU
		{F0FCFF6D-24E1-990C-B38F-F8A8C4C7A7D0}.Release|Any CPU.Build.0 = Release|Any CPU
		{D67F12C7-C370-8E59-39EA-2E9B37A428FA}.Debug|Any CPU.ActiveCfg = Debug|Any CPU
		{D67F12C7-C370-8E59-39EA-2E9B37A428FA}.Debug|Any CPU.Build.0 = Debug|Any CPU
		{D67F12C7-C370-8E59-39EA-2E9B37A428FA}.Release|Any CPU.ActiveCfg = Release|Any CPU
		{D67F12C7-C370-8E59-39EA-2E9B37A428FA}.Release|Any CPU.Build.0 = Release|Any CPU
		{2364AA78-1E75-B93A-B4DF-22B5590FF3A7}.Debug|Any CPU.ActiveCfg = Debug|Any CPU
		{2364AA78-1E75-B93A-B4DF-22B5590FF3A7}.Debug|Any CPU.Build.0 = Debug|Any CPU
		{2364AA78-1E75-B93A-B4DF-22B5590FF3A7}.Release|Any CPU.ActiveCfg = Release|Any CPU
		{2364AA78-1E75-B93A-B4DF-22B5590FF3A7}.Release|Any CPU.Build.0 = Release|Any CPU
		{AEC8E8C8-8356-1AE2-C31B-71FEF4E71C2F}.Debug|Any CPU.ActiveCfg = Debug|Any CPU
		{AEC8E8C8-8356-1AE2-C31B-71FEF4E71C2F}.Debug|Any CPU.Build.0 = Debug|Any CPU
		{AEC8E8C8-8356-1AE2-C31B-71FEF4E71C2F}.Release|Any CPU.ActiveCfg = Release|Any CPU
		{AEC8E8C8-8356-1AE2-C31B-71FEF4E71C2F}.Release|Any CPU.Build.0 = Release|Any CPU
		{29088CE5-3E64-28E2-4252-8907BF46D552}.Debug|Any CPU.ActiveCfg = Debug|Any CPU
		{29088CE5-3E64-28E2-4252-8907BF46D552}.Debug|Any CPU.Build.0 = Debug|Any CPU
		{29088CE5-3E64-28E2-4252-8907BF46D552}.Release|Any CPU.ActiveCfg = Release|Any CPU
		{29088CE5-3E64-28E2-4252-8907BF46D552}.Release|Any CPU.Build.0 = Release|Any CPU
		{371D40B5-6353-8B3E-3AF0-57508CA74413}.Debug|Any CPU.ActiveCfg = Debug|Any CPU
		{371D40B5-6353-8B3E-3AF0-57508CA74413}.Debug|Any CPU.Build.0 = Debug|Any CPU
		{371D40B5-6353-8B3E-3AF0-57508CA74413}.Release|Any CPU.ActiveCfg = Release|Any CPU
		{371D40B5-6353-8B3E-3AF0-57508CA74413}.Release|Any CPU.Build.0 = Release|Any CPU
		{25567191-4C9B-C7DC-3357-45C3D1B66E59}.Debug|Any CPU.ActiveCfg = Debug|Any CPU
		{25567191-4C9B-C7DC-3357-45C3D1B66E59}.Debug|Any CPU.Build.0 = Debug|Any CPU
		{25567191-4C9B-C7DC-3357-45C3D1B66E59}.Release|Any CPU.ActiveCfg = Release|Any CPU
		{25567191-4C9B-C7DC-3357-45C3D1B66E59}.Release|Any CPU.Build.0 = Release|Any CPU
		{F932741E-F2ED-9489-72DA-93C150F6B8CB}.Debug|Any CPU.ActiveCfg = Debug|Any CPU
		{F932741E-F2ED-9489-72DA-93C150F6B8CB}.Debug|Any CPU.Build.0 = Debug|Any CPU
		{F932741E-F2ED-9489-72DA-93C150F6B8CB}.Release|Any CPU.ActiveCfg = Release|Any CPU
		{F932741E-F2ED-9489-72DA-93C150F6B8CB}.Release|Any CPU.Build.0 = Release|Any CPU
		{19CDA8E9-AD7D-9375-DF5D-1BCD61EC6A14}.Debug|Any CPU.ActiveCfg = Debug|Any CPU
		{19CDA8E9-AD7D-9375-DF5D-1BCD61EC6A14}.Debug|Any CPU.Build.0 = Debug|Any CPU
		{19CDA8E9-AD7D-9375-DF5D-1BCD61EC6A14}.Release|Any CPU.ActiveCfg = Release|Any CPU
		{19CDA8E9-AD7D-9375-DF5D-1BCD61EC6A14}.Release|Any CPU.Build.0 = Release|Any CPU
		{1E0C18A6-ED0A-4E2B-D6FD-FDE86EEFF972}.Debug|Any CPU.ActiveCfg = Debug|Any CPU
		{1E0C18A6-ED0A-4E2B-D6FD-FDE86EEFF972}.Debug|Any CPU.Build.0 = Debug|Any CPU
		{1E0C18A6-ED0A-4E2B-D6FD-FDE86EEFF972}.Release|Any CPU.ActiveCfg = Release|Any CPU
		{1E0C18A6-ED0A-4E2B-D6FD-FDE86EEFF972}.Release|Any CPU.Build.0 = Release|Any CPU
		{FED1B379-0605-3FF2-D1BE-2C9EC8748EC6}.Debug|Any CPU.ActiveCfg = Debug|Any CPU
		{FED1B379-0605-3FF2-D1BE-2C9EC8748EC6}.Debug|Any CPU.Build.0 = Debug|Any CPU
		{FED1B379-0605-3FF2-D1BE-2C9EC8748EC6}.Release|Any CPU.ActiveCfg = Release|Any CPU
		{FED1B379-0605-3FF2-D1BE-2C9EC8748EC6}.Release|Any CPU.Build.0 = Release|Any CPU
		{C35C3BF2-CBF1-F813-032E-1BBCDB1F6670}.Debug|Any CPU.ActiveCfg = Debug|Any CPU
		{C35C3BF2-CBF1-F813-032E-1BBCDB1F6670}.Debug|Any CPU.Build.0 = Debug|Any CPU
		{C35C3BF2-CBF1-F813-032E-1BBCDB1F6670}.Release|Any CPU.ActiveCfg = Release|Any CPU
		{C35C3BF2-CBF1-F813-032E-1BBCDB1F6670}.Release|Any CPU.Build.0 = Release|Any CPU
		{D5B7A937-D2F4-CD31-E3C8-F0B81EAB3BF9}.Debug|Any CPU.ActiveCfg = Debug|Any CPU
		{D5B7A937-D2F4-CD31-E3C8-F0B81EAB3BF9}.Debug|Any CPU.Build.0 = Debug|Any CPU
		{D5B7A937-D2F4-CD31-E3C8-F0B81EAB3BF9}.Release|Any CPU.ActiveCfg = Release|Any CPU
		{D5B7A937-D2F4-CD31-E3C8-F0B81EAB3BF9}.Release|Any CPU.Build.0 = Release|Any CPU
		{D8BFAA34-3D73-313A-2E78-A05CE1451239}.Debug|Any CPU.ActiveCfg = Debug|Any CPU
		{D8BFAA34-3D73-313A-2E78-A05CE1451239}.Debug|Any CPU.Build.0 = Debug|Any CPU
		{D8BFAA34-3D73-313A-2E78-A05CE1451239}.Release|Any CPU.ActiveCfg = Release|Any CPU
		{D8BFAA34-3D73-313A-2E78-A05CE1451239}.Release|Any CPU.Build.0 = Release|Any CPU
		{F087A165-3DC9-6AFD-B141-9C4A67506168}.Debug|Any CPU.ActiveCfg = Debug|Any CPU
		{F087A165-3DC9-6AFD-B141-9C4A67506168}.Debug|Any CPU.Build.0 = Debug|Any CPU
		{F087A165-3DC9-6AFD-B141-9C4A67506168}.Release|Any CPU.ActiveCfg = Release|Any CPU
		{F087A165-3DC9-6AFD-B141-9C4A67506168}.Release|Any CPU.Build.0 = Release|Any CPU
		{4FF336E0-2FBB-C135-238D-08E8FA5EDECB}.Debug|Any CPU.ActiveCfg = Debug|Any CPU
		{4FF336E0-2FBB-C135-238D-08E8FA5EDECB}.Debug|Any CPU.Build.0 = Debug|Any CPU
		{4FF336E0-2FBB-C135-238D-08E8FA5EDECB}.Release|Any CPU.ActiveCfg = Release|Any CPU
		{4FF336E0-2FBB-C135-238D-08E8FA5EDECB}.Release|Any CPU.Build.0 = Release|Any CPU
		{987A819E-46C8-6C13-82F4-F0DB893B630D}.Debug|Any CPU.ActiveCfg = Debug|Any CPU
		{987A819E-46C8-6C13-82F4-F0DB893B630D}.Debug|Any CPU.Build.0 = Debug|Any CPU
		{987A819E-46C8-6C13-82F4-F0DB893B630D}.Release|Any CPU.ActiveCfg = Release|Any CPU
		{987A819E-46C8-6C13-82F4-F0DB893B630D}.Release|Any CPU.Build.0 = Release|Any CPU
		{88F1BDA5-9B06-AD91-6736-CF66F5B4CB06}.Debug|Any CPU.ActiveCfg = Debug|Any CPU
		{88F1BDA5-9B06-AD91-6736-CF66F5B4CB06}.Debug|Any CPU.Build.0 = Debug|Any CPU
		{88F1BDA5-9B06-AD91-6736-CF66F5B4CB06}.Release|Any CPU.ActiveCfg = Release|Any CPU
		{88F1BDA5-9B06-AD91-6736-CF66F5B4CB06}.Release|Any CPU.Build.0 = Release|Any CPU
		{C9CE32B5-C1B5-44A1-D09A-E6A8DF325D01}.Debug|Any CPU.ActiveCfg = Debug|Any CPU
		{C9CE32B5-C1B5-44A1-D09A-E6A8DF325D01}.Debug|Any CPU.Build.0 = Debug|Any CPU
		{C9CE32B5-C1B5-44A1-D09A-E6A8DF325D01}.Release|Any CPU.ActiveCfg = Release|Any CPU
		{C9CE32B5-C1B5-44A1-D09A-E6A8DF325D01}.Release|Any CPU.Build.0 = Release|Any CPU
		{3FA9C5B9-1BED-A690-A2A2-70DC59A7E1F8}.Debug|Any CPU.ActiveCfg = Debug|Any CPU
		{3FA9C5B9-1BED-A690-A2A2-70DC59A7E1F8}.Debug|Any CPU.Build.0 = Debug|Any CPU
		{3FA9C5B9-1BED-A690-A2A2-70DC59A7E1F8}.Release|Any CPU.ActiveCfg = Release|Any CPU
		{3FA9C5B9-1BED-A690-A2A2-70DC59A7E1F8}.Release|Any CPU.Build.0 = Release|Any CPU
		{DEB2DEC3-3D38-42D9-DC50-E2FDFB483A38}.Debug|Any CPU.ActiveCfg = Debug|Any CPU
		{DEB2DEC3-3D38-42D9-DC50-E2FDFB483A38}.Debug|Any CPU.Build.0 = Debug|Any CPU
		{DEB2DEC3-3D38-42D9-DC50-E2FDFB483A38}.Release|Any CPU.ActiveCfg = Release|Any CPU
		{DEB2DEC3-3D38-42D9-DC50-E2FDFB483A38}.Release|Any CPU.Build.0 = Release|Any CPU
		{9203B23D-52FF-DFF8-4F13-9501DFFE657F}.Debug|Any CPU.ActiveCfg = Debug|Any CPU
		{9203B23D-52FF-DFF8-4F13-9501DFFE657F}.Debug|Any CPU.Build.0 = Debug|Any CPU
		{9203B23D-52FF-DFF8-4F13-9501DFFE657F}.Release|Any CPU.ActiveCfg = Release|Any CPU
		{9203B23D-52FF-DFF8-4F13-9501DFFE657F}.Release|Any CPU.Build.0 = Release|Any CPU
		{2979B106-DBE2-F852-7317-D7FCC03A4EFD}.Debug|Any CPU.ActiveCfg = Debug|Any CPU
		{2979B106-DBE2-F852-7317-D7FCC03A4EFD}.Debug|Any CPU.Build.0 = Debug|Any CPU
		{2979B106-DBE2-F852-7317-D7FCC03A4EFD}.Release|Any CPU.ActiveCfg = Release|Any CPU
		{2979B106-DBE2-F852-7317-D7FCC03A4EFD}.Release|Any CPU.Build.0 = Release|Any CPU
		{B78E37ED-CABB-B6C6-C48A-56B154864A51}.Debug|Any CPU.ActiveCfg = Debug|Any CPU
		{B78E37ED-CABB-B6C6-C48A-56B154864A51}.Debug|Any CPU.Build.0 = Debug|Any CPU
		{B78E37ED-CABB-B6C6-C48A-56B154864A51}.Release|Any CPU.ActiveCfg = Release|Any CPU
		{B78E37ED-CABB-B6C6-C48A-56B154864A51}.Release|Any CPU.Build.0 = Release|Any CPU
		{852DD6AA-82CF-D37B-8D50-E1D0E1B24307}.Debug|Any CPU.ActiveCfg = Debug|Any CPU
		{852DD6AA-82CF-D37B-8D50-E1D0E1B24307}.Debug|Any CPU.Build.0 = Debug|Any CPU
		{852DD6AA-82CF-D37B-8D50-E1D0E1B24307}.Release|Any CPU.ActiveCfg = Release|Any CPU
		{852DD6AA-82CF-D37B-8D50-E1D0E1B24307}.Release|Any CPU.Build.0 = Release|Any CPU
		{84242CB0-4722-3404-C3A6-9B94DA15D93F}.Debug|Any CPU.ActiveCfg = Debug|Any CPU
		{84242CB0-4722-3404-C3A6-9B94DA15D93F}.Debug|Any CPU.Build.0 = Debug|Any CPU
		{84242CB0-4722-3404-C3A6-9B94DA15D93F}.Release|Any CPU.ActiveCfg = Release|Any CPU
		{84242CB0-4722-3404-C3A6-9B94DA15D93F}.Release|Any CPU.Build.0 = Release|Any CPU
		{D5628152-EBA1-CB7A-76C8-F2549051111B}.Debug|Any CPU.ActiveCfg = Debug|Any CPU
		{D5628152-EBA1-CB7A-76C8-F2549051111B}.Debug|Any CPU.Build.0 = Debug|Any CPU
		{D5628152-EBA1-CB7A-76C8-F2549051111B}.Release|Any CPU.ActiveCfg = Release|Any CPU
		{D5628152-EBA1-CB7A-76C8-F2549051111B}.Release|Any CPU.Build.0 = Release|Any CPU
	EndGlobalSection
	GlobalSection(SolutionProperties) = preSolution
		HideSolutionNode = FALSE
	EndGlobalSection
EndGlobal
